
Microsoft Visual Studio Solution File, Format Version 12.00
# Visual Studio Version 16
VisualStudioVersion = 25.0.1706.13
MinimumVisualStudioVersion = 10.0.40219.1
Project("{FAE04EC0-301F-11D3-BF4B-00C04F79EFBC}") = "ReactSandbox", "ReactSandbox\ReactSandbox.csproj", "{C9984ABD-DE67-40AD-AE6F-1013798DB73A}"
EndProject
Global
	GlobalSection(SolutionConfigurationPlatforms) = preSolution
		Debug|Any CPU = Debug|Any CPU
		Release|Any CPU = Release|Any CPU
	EndGlobalSection
	GlobalSection(ProjectConfigurationPlatforms) = postSolution
		{C9984ABD-DE67-40AD-AE6F-1013798DB73A}.Debug|Any CPU.ActiveCfg = Debug|Any CPU
		{C9984ABD-DE67-40AD-AE6F-1013798DB73A}.Debug|Any CPU.Build.0 = Debug|Any CPU
		{C9984ABD-DE67-40AD-AE6F-1013798DB73A}.Release|Any CPU.ActiveCfg = Release|Any CPU
		{C9984ABD-DE67-40AD-AE6F-1013798DB73A}.Release|Any CPU.Build.0 = Release|Any CPU
	EndGlobalSection
	GlobalSection(SolutionProperties) = preSolution
		HideSolutionNode = FALSE
	EndGlobalSection
	GlobalSection(ExtensibilityGlobals) = postSolution
		SolutionGuid = {02B7C5A7-6090-46E8-9643-515C3C85A02B}
	EndGlobalSection
EndGlobal
